
Microsoft Visual Studio Solution File, Format Version 12.00
# Visual Studio Version 17
VisualStudioVersion = 17.14.36518.9 d17.14
MinimumVisualStudioVersion = 10.0.40219.1
Project("{8BC9CEB8-8B4A-11D0-8D11-00A0C91BC942}") = "USACO", "USACO.vcxproj", "{B224E073-2B92-49AB-85C0-7BBC9C534E66}"
EndProject
Global
	GlobalSection(SolutionConfigurationPlatforms) = preSolution
		Debug|x64 = Debug|x64
		Debug|x86 = Debug|x86
		Release|x64 = Release|x64
		Release|x86 = Release|x86
	EndGlobalSection
	GlobalSection(ProjectConfigurationPlatforms) = postSolution
		{B224E073-2B92-49AB-85C0-7BBC9C534E66}.Debug|x64.ActiveCfg = Debug|x64
		{B224E073-2B92-49AB-85C0-7BBC9C534E66}.Debug|x64.Build.0 = Debug|x64
		{B224E073-2B92-49AB-85C0-7BBC9C534E66}.Debug|x86.ActiveCfg = Debug|Win32
		{B224E073-2B92-49AB-85C0-7BBC9C534E66}.Debug|x86.Build.0 = Debug|Win32
		{B224E073-2B92-49AB-85C0-7BBC9C534E66}.Release|x64.ActiveCfg = Release|x64
		{B224E073-2B92-49AB-85C0-7BBC9C534E66}.Release|x64.Build.0 = Release|x64
		{B224E073-2B92-49AB-85C0-7BBC9C534E66}.Release|x86.ActiveCfg = Release|Win32
		{B224E073-2B92-49AB-85C0-7BBC9C534E66}.Release|x86.Build.0 = Release|Win32
	EndGlobalSection
	GlobalSection(SolutionProperties) = preSolution
		HideSolutionNode = FALSE
	EndGlobalSection
	GlobalSection(ExtensibilityGlobals) = postSolution
		SolutionGuid = {523C1A5A-9BD6-4BA6-AC4C-1999EA267CF6}
	EndGlobalSection
EndGlobal
